
Microsoft Visual Studio Solution File, Format Version 12.00
# Visual Studio Version 17
VisualStudioVersion = 17.10.34928.147
MinimumVisualStudioVersion = 10.0.40219.1
Project("{9A19103F-16F7-4668-BE54-9A1E7A4F7556}") = "GameLogic", "GameLogic\GameLogic.csproj", "{7E861023-8381-48CA-93B1-B797858C58CC}"
EndProject
Project("{FAE04EC0-301F-11D3-BF4B-00C04F79EFBC}") = "GameLogicTests", "GameLogicTests\GameLogicTests.csproj", "{9E46E4AA-A223-4BA8-A6E7-6900959E2FD3}"
EndProject
Global
	GlobalSection(SolutionConfigurationPlatforms) = preSolution
		Debug|Any CPU = Debug|Any CPU
		Release|Any CPU = Release|Any CPU
	EndGlobalSection
	GlobalSection(ProjectConfigurationPlatforms) = postSolution
		{7E861023-8381-48CA-93B1-B797858C58CC}.Debug|Any CPU.ActiveCfg = Debug|Any CPU
		{7E861023-8381-48CA-93B1-B797858C58CC}.Debug|Any CPU.Build.0 = Debug|Any CPU
		{7E861023-8381-48CA-93B1-B797858C58CC}.Release|Any CPU.ActiveCfg = Release|Any CPU
		{7E861023-8381-48CA-93B1-B797858C58CC}.Release|Any CPU.Build.0 = Release|Any CPU
		{9E46E4AA-A223-4BA8-A6E7-6900959E2FD3}.Debug|Any CPU.ActiveCfg = Debug|Any CPU
		{9E46E4AA-A223-4BA8-A6E7-6900959E2FD3}.Debug|Any CPU.Build.0 = Debug|Any CPU
		{9E46E4AA-A223-4BA8-A6E7-6900959E2FD3}.Release|Any CPU.ActiveCfg = Release|Any CPU
		{9E46E4AA-A223-4BA8-A6E7-6900959E2FD3}.Release|Any CPU.Build.0 = Release|Any CPU
	EndGlobalSection
	GlobalSection(SolutionProperties) = preSolution
		HideSolutionNode = FALSE
	EndGlobalSection
	GlobalSection(ExtensibilityGlobals) = postSolution
		SolutionGuid = {B94DCAC7-3557-4822-9269-A7585E7034A0}
	EndGlobalSection
EndGlobal
